
Microsoft Visual Studio Solution File, Format Version 12.00
# Visual Studio 2012
Project("{D954291E-2A0B-460D-934E-DC6B0785DB48}") = "udp_server", "udp_server\udp_server.shproj", "{B59CBD0C-22EA-4480-9B62-01FB63D416C9}"
EndProject
Project("{D954291E-2A0B-460D-934E-DC6B0785DB48}") = "udp_client", "udp_client\udp_client.shproj", "{88FAC25D-B127-4C4F-9671-E0B4D8BF6ACC}"
EndProject
Global
	GlobalSection(SolutionConfigurationPlatforms) = preSolution
	EndGlobalSection
	GlobalSection(ProjectConfigurationPlatforms) = postSolution
	EndGlobalSection
EndGlobal
